
Microsoft Visual Studio Solution File, Format Version 12.00
# Visual Studio Version 16
VisualStudioVersion = 16.0.30621.155
MinimumVisualStudioVersion = 10.0.40219.1
Project("{FAE04EC0-301F-11D3-BF4B-00C04F79EFBC}") = "WishList", "WishList\WishList.csproj", "{41B21B4B-018C-482D-91A1-86947EFEF33F}"
EndProject
Global
	GlobalSection(SolutionConfigurationPlatforms) = preSolution
		Debug|Any CPU = Debug|Any CPU
		Release|Any CPU = Release|Any CPU
	EndGlobalSection
	GlobalSection(ProjectConfigurationPlatforms) = postSolution
		{41B21B4B-018C-482D-91A1-86947EFEF33F}.Debug|Any CPU.ActiveCfg = Debug|Any CPU
		{41B21B4B-018C-482D-91A1-86947EFEF33F}.Debug|Any CPU.Build.0 = Debug|Any CPU
		{41B21B4B-018C-482D-91A1-86947EFEF33F}.Release|Any CPU.ActiveCfg = Release|Any CPU
		{41B21B4B-018C-482D-91A1-86947EFEF33F}.Release|Any CPU.Build.0 = Release|Any CPU
	EndGlobalSection
	GlobalSection(SolutionProperties) = preSolution
		HideSolutionNode = FALSE
	EndGlobalSection
	GlobalSection(ExtensibilityGlobals) = postSolution
		SolutionGuid = {EEB9E702-301A-46B6-BA2C-532CB230484B}
	EndGlobalSection
EndGlobal
